Microsoft Visual Studio Solution File, Format Version 11.00
# Visual Studio 2008

Project("{D739D4A9-9528-F66A-EB6A-AF470D262690}") = "BusinessCard", "Assembly-CSharp.csproj", "{B92B843E-B565-AADD-FDBA-781A1872598B}"
EndProject
Project("{D739D4A9-9528-F66A-EB6A-AF470D262690}") = "BusinessCard", "Assembly-CSharp-Editor.csproj", "{900DF7FC-FC1C-E44F-82BF-D97185B9AF80}"
EndProject
Global
	GlobalSection(SolutionConfigurationPlatforms) = preSolution
		Debug|Any CPU = Debug|Any CPU
		Release|Any CPU = Release|Any CPU
	EndGlobalSection
	GlobalSection(ProjectConfigurationPlatforms) = postSolution
		{B92B843E-B565-AADD-FDBA-781A1872598B}.Debug|Any CPU.ActiveCfg = Debug|Any CPU
		{B92B843E-B565-AADD-FDBA-781A1872598B}.Debug|Any CPU.Build.0 = Debug|Any CPU
		{B92B843E-B565-AADD-FDBA-781A1872598B}.Release|Any CPU.ActiveCfg = Release|Any CPU
		{B92B843E-B565-AADD-FDBA-781A1872598B}.Release|Any CPU.Build.0 = Release|Any CPU
		{900DF7FC-FC1C-E44F-82BF-D97185B9AF80}.Debug|Any CPU.ActiveCfg = Debug|Any CPU
		{900DF7FC-FC1C-E44F-82BF-D97185B9AF80}.Debug|Any CPU.Build.0 = Debug|Any CPU
		{900DF7FC-FC1C-E44F-82BF-D97185B9AF80}.Release|Any CPU.ActiveCfg = Release|Any CPU
		{900DF7FC-FC1C-E44F-82BF-D97185B9AF80}.Release|Any CPU.Build.0 = Release|Any CPU
	EndGlobalSection
	GlobalSection(SolutionProperties) = preSolution
		HideSolutionNode = FALSE
	EndGlobalSection
	GlobalSection(MonoDevelopProperties) = preSolution
		StartupItem = Assembly-CSharp.csproj
	EndGlobalSection
EndGlobal
